
Microsoft Visual Studio Solution File, Format Version 12.00
# Visual Studio 15
VisualStudioVersion = 15.0.27428.2037
MinimumVisualStudioVersion = 10.0.40219.1
Project("{FAE04EC0-301F-11D3-BF4B-00C04F79EFBC}") = "MVC_32_State_Managament_Uygulama", "MVC_32_State_Managament_Uygulama\MVC_32_State_Managament_Uygulama.csproj", "{E5A5940D-AF03-447B-AD3F-420AF234E974}"
EndProject
Global
	GlobalSection(SolutionConfigurationPlatforms) = preSolution
		Debug|Any CPU = Debug|Any CPU
		Release|Any CPU = Release|Any CPU
	EndGlobalSection
	GlobalSection(ProjectConfigurationPlatforms) = postSolution
		{E5A5940D-AF03-447B-AD3F-420AF234E974}.Debug|Any CPU.ActiveCfg = Debug|Any CPU
		{E5A5940D-AF03-447B-AD3F-420AF234E974}.Debug|Any CPU.Build.0 = Debug|Any CPU
		{E5A5940D-AF03-447B-AD3F-420AF234E974}.Release|Any CPU.ActiveCfg = Release|Any CPU
		{E5A5940D-AF03-447B-AD3F-420AF234E974}.Release|Any CPU.Build.0 = Release|Any CPU
	EndGlobalSection
	GlobalSection(SolutionProperties) = preSolution
		HideSolutionNode = FALSE
	EndGlobalSection
	GlobalSection(ExtensibilityGlobals) = postSolution
		SolutionGuid = {2DD657DC-6156-420E-BCEF-E261095F2BB7}
	EndGlobalSection
EndGlobal
